<?xml version="1.0" encoding="utf-8"?>
<Project ToolsVersion="4.0" xmlns="http://schemas.microsoft.com/developer/msbuild/2003">
  <ItemGroup>
    <Filter Include="Исходные файлы">
      <UniqueIdentifier>{4FC737F1-C7A5-4376-A066-2A32D752A2FF}</UniqueIdentifier>
      <Extensions>cpp;c;cc;cxx;def;odl;idl;hpj;bat;asm;asmx</Extensions>
    </Filter>
    <Filter Include="Файлы заголовков">
      <UniqueIdentifier>{93995380-89BD-4b04-88EB-625FBE52EBFB}</UniqueIdentifier>
      <Extensions>h;hh;hpp;hxx;hm;inl;inc;ipp;xsd</Extensions>
    </Filter>
    <Filter Include="Файлы ресурсов">
      <UniqueIdentifier>{67DA6AB6-F800-4c08-8B7A-83BB121AAD01}</UniqueIdentifier>
      <Extensions>rc;ico;cur;bmp;dlg;rc2;rct;bin;rgs;gif;jpg;jpeg;jpe;resx;tiff;tif;png;wav;mfcribbon-ms</Extensions>
    </Filter>
    <Filter Include="Файлы заголовков\Plugin">
      <UniqueIdentifier>{6cf699f3-76e8-41d6-be2a-c698a7027e2b}</UniqueIdentifier>
    </Filter>
    <Filter Include="Исходные файлы\Plugin">
      <UniqueIdentifier>{4b516f9d-9e71-4e6c-8003-8b75a88fa91d}</UniqueIdentifier>
    </Filter>
    <Filter Include="Файлы заголовков\Configurator">
      <UniqueIdentifier>{c2e1cfc2-308a-4c4a-977f-1da148972c88}</UniqueIdentifier>
    </Filter>
    <Filter Include="Исходные файлы\Configurator">
      <UniqueIdentifier>{e206242e-6ad4-4921-b748-de1dcdc21d4b}</UniqueIdentifier>
    </Filter>
    <Filter Include="Файлы заголовков\SettingsDataStore">
      <UniqueIdentifier>{c1b7d435-1426-470c-a3b5-189280e052f1}</UniqueIdentifier>
    </Filter>
    <Filter Include="Исходные файлы\SettingsDataStore">
      <UniqueIdentifier>{88f8ee10-9766-41fc-86e6-ce6786ceb376}</UniqueIdentifier>
    </Filter>
    <Filter Include="Файлы заголовков\Browser">
      <UniqueIdentifier>{28b28b0e-2e3a-4582-8e28-3a688deb67cd}</UniqueIdentifier>
    </Filter>
    <Filter Include="Исходные файлы\Browser">
      <UniqueIdentifier>{7ecce66f-3f96-4864-a6fe-48b8dfaba782}</UniqueIdentifier>
    </Filter>
    <Filter Include="Файлы заголовков\Server">
      <UniqueIdentifier>{cd1a21ac-9587-40fd-b05f-e95b8851f16d}</UniqueIdentifier>
    </Filter>
    <Filter Include="Исходные файлы\Server">
      <UniqueIdentifier>{2e31dba9-141a-4667-aea5-c5110534e8a2}</UniqueIdentifier>
    </Filter>
    <Filter Include="Файлы заголовков\SoftingService">
      <UniqueIdentifier>{28791640-ebf5-41b2-ad18-c91c4350e833}</UniqueIdentifier>
    </Filter>
    <Filter Include="Исходные файлы\SoftingService">
      <UniqueIdentifier>{b55a7ba8-f477-4efd-a1cb-2608605fff3b}</UniqueIdentifier>
    </Filter>
    <Filter Include="Файлы заголовков\Assemblies">
      <UniqueIdentifier>{ed9cbbcd-fa0c-4ea4-badf-dc7fc3857eaf}</UniqueIdentifier>
    </Filter>
    <Filter Include="Исходные файлы\Assemblies">
      <UniqueIdentifier>{507c4f29-0ff2-459e-941c-384b437d34df}</UniqueIdentifier>
    </Filter>
  </ItemGroup>
  <ItemGroup>
    <ClCompile Include="pch.cpp">
      <Filter>Исходные файлы</Filter>
    </ClCompile>
    <ClCompile Include="Log.cpp">
      <Filter>Исходные файлы</Filter>
    </ClCompile>
    <ClCompile Include="Utils.cpp">
      <Filter>Исходные файлы</Filter>
    </ClCompile>
    <ClCompile Include="PropertySet.cpp">
      <Filter>Исходные файлы\Plugin</Filter>
    </ClCompile>
    <ClCompile Include="RegisterInfo.cpp">
      <Filter>Исходные файлы\Plugin</Filter>
    </ClCompile>
    <ClCompile Include="PluginObjectFactory.cpp">
      <Filter>Исходные файлы\Plugin</Filter>
    </ClCompile>
    <ClCompile Include="Export.cpp">
      <Filter>Исходные файлы\Plugin</Filter>
    </ClCompile>
    <ClCompile Include="ClientSettingsDialog.cpp">
      <Filter>Исходные файлы\Configurator</Filter>
    </ClCompile>
    <ClCompile Include="ConnectionAttributes.cpp">
      <Filter>Исходные файлы\Configurator</Filter>
    </ClCompile>
    <ClCompile Include="DConfigurator.cpp">
      <Filter>Исходные файлы\Configurator</Filter>
    </ClCompile>
    <ClCompile Include="XMLSettingsDataSource.cpp">
      <Filter>Исходные файлы\SettingsDataStore</Filter>
    </ClCompile>
    <ClCompile Include="pugixml.cpp">
      <Filter>Исходные файлы\SettingsDataStore</Filter>
    </ClCompile>
    <ClCompile Include="BrowserHdaItem.cpp">
      <Filter>Исходные файлы\Browser</Filter>
    </ClCompile>
    <ClCompile Include="ServerHdaItem.cpp">
      <Filter>Исходные файлы\Server</Filter>
    </ClCompile>
    <ClCompile Include="DSource.cpp">
      <Filter>Исходные файлы</Filter>
    </ClCompile>
    <ClCompile Include="SoftingServerInteractor.cpp">
      <Filter>Исходные файлы\SoftingService</Filter>
    </ClCompile>
    <ClCompile Include="SoftingServerEndPointDescription.cpp">
      <Filter>Исходные файлы\SoftingService</Filter>
    </ClCompile>
    <ClCompile Include="HdaCommandHandler.cpp">
      <Filter>Исходные файлы\Server</Filter>
    </ClCompile>
    <ClCompile Include="DataAccessAssembly.cpp">
      <Filter>Исходные файлы\Assemblies</Filter>
    </ClCompile>
    <ClCompile Include="ClientSettingsDialogWrapper.cpp">
      <Filter>Исходные файлы\Configurator</Filter>
    </ClCompile>
    <ClCompile Include="HdaBrowserHandler.cpp">
      <Filter>Исходные файлы\Browser</Filter>
    </ClCompile>
    <ClCompile Include="ParamValue.cpp">
      <Filter>Исходные файлы\Server</Filter>
    </ClCompile>
    <ClCompile Include="ParamValueList.cpp">
      <Filter>Исходные файлы\Server</Filter>
    </ClCompile>
    <ClCompile Include="ParamUtils.cpp">
      <Filter>Исходные файлы\Server</Filter>
    </ClCompile>
    <ClCompile Include="Record.cpp">
      <Filter>Исходные файлы\SoftingService</Filter>
    </ClCompile>
  </ItemGroup>
  <ItemGroup>
    <None Include="Drv_OPC_UA_HistValues.def">
      <Filter>Исходные файлы</Filter>
    </None>
    <None Include="res\Drv_OPC_UA_HistValues.rc2">
      <Filter>Файлы ресурсов</Filter>
    </None>
  </ItemGroup>
  <ItemGroup>
    <ClInclude Include="framework.h">
      <Filter>Файлы заголовков</Filter>
    </ClInclude>
    <ClInclude Include="targetver.h">
      <Filter>Файлы заголовков</Filter>
    </ClInclude>
    <ClInclude Include="Resource.h">
      <Filter>Файлы заголовков</Filter>
    </ClInclude>
    <ClInclude Include="pch.h">
      <Filter>Файлы заголовков</Filter>
    </ClInclude>
    <ClInclude Include="Constants.h">
      <Filter>Файлы заголовков</Filter>
    </ClInclude>
    <ClInclude Include="Log.h">
      <Filter>Файлы заголовков</Filter>
    </ClInclude>
    <ClInclude Include="Utils.h">
      <Filter>Файлы заголовков</Filter>
    </ClInclude>
    <ClInclude Include="PropertySet.h">
      <Filter>Файлы заголовков\Plugin</Filter>
    </ClInclude>
    <ClInclude Include="RegisterInfo.h">
      <Filter>Файлы заголовков\Plugin</Filter>
    </ClInclude>
    <ClInclude Include="PluginObjectFactory.h">
      <Filter>Файлы заголовков\Plugin</Filter>
    </ClInclude>
    <ClInclude Include="Export.h">
      <Filter>Файлы заголовков\Plugin</Filter>
    </ClInclude>
    <ClInclude Include="ClientSettingsDialog.h">
      <Filter>Файлы заголовков\Configurator</Filter>
    </ClInclude>
    <ClInclude Include="ConnectionAttributes.h">
      <Filter>Файлы заголовков\Configurator</Filter>
    </ClInclude>
    <ClInclude Include="DConfigurator.h">
      <Filter>Файлы заголовков\Configurator</Filter>
    </ClInclude>
    <ClInclude Include="ISettingsDataSource.h">
      <Filter>Файлы заголовков\SettingsDataStore</Filter>
    </ClInclude>
    <ClInclude Include="XMLSettingsDataSource.h">
      <Filter>Файлы заголовков\SettingsDataStore</Filter>
    </ClInclude>
    <ClInclude Include="BrowserHdaItem.h">
      <Filter>Файлы заголовков\Browser</Filter>
    </ClInclude>
    <ClInclude Include="ServerHdaItem.h">
      <Filter>Файлы заголовков\Server</Filter>
    </ClInclude>
    <ClInclude Include="DSource.h">
      <Filter>Файлы заголовков</Filter>
    </ClInclude>
    <ClInclude Include="SoftingServerInteractorOutput.h">
      <Filter>Файлы заголовков\SoftingService</Filter>
    </ClInclude>
    <ClInclude Include="SoftingServerInteractor.h">
      <Filter>Файлы заголовков\SoftingService</Filter>
    </ClInclude>
    <ClInclude Include="SoftingServerEndPointDescription.h">
      <Filter>Файлы заголовков\SoftingService</Filter>
    </ClInclude>
    <ClInclude Include="HdaCommandHandler.h">
      <Filter>Файлы заголовков\Server</Filter>
    </ClInclude>
    <ClInclude Include="DataAccessAssembly.h">
      <Filter>Файлы заголовков\Assemblies</Filter>
    </ClInclude>
    <ClInclude Include="ClientSettingsDialogWrapper.h">
      <Filter>Файлы заголовков\Configurator</Filter>
    </ClInclude>
    <ClInclude Include="HdaBrowserHandler.h">
      <Filter>Файлы заголовков\Browser</Filter>
    </ClInclude>
    <ClInclude Include="ParamValue.h">
      <Filter>Файлы заголовков\Server</Filter>
    </ClInclude>
    <ClInclude Include="ParamValueList.h">
      <Filter>Файлы заголовков\Server</Filter>
    </ClInclude>
    <ClInclude Include="ParamUtils.h">
      <Filter>Файлы заголовков\Server</Filter>
    </ClInclude>
    <ClInclude Include="Record.h">
      <Filter>Файлы заголовков\SoftingService</Filter>
    </ClInclude>
  </ItemGroup>
  <ItemGroup>
    <ResourceCompile Include="Drv_OPC_UA_HistValues.rc">
      <Filter>Файлы ресурсов</Filter>
    </ResourceCompile>
  </ItemGroup>
</Project>